{
  "version": 4,
  "terraform_version": "1.7.1",
  "serial": 493,
  "lineage": "e2e88aba-5dfa-074f-72ee-4f24b50e905c",
  "outputs": {},
  "resources": [
    {
      "mode": "managed",
      "type": "aws_eip",
      "name": "elastic-ip",
      "provider": "provider[\"registry.terraform.io/hashicorp/aws\"]",
      "instances": [
        {
          "schema_version": 0,
          "attributes": {
            "address": null,
            "allocation_id": "eipalloc-09f4cfd62b1114104",
            "associate_with_private_ip": null,
            "association_id": "",
            "carrier_ip": "",
            "customer_owned_ip": "",
            "customer_owned_ipv4_pool": "",
            "domain": "vpc",
            "id": "eipalloc-09f4cfd62b1114104",
            "instance": "",
            "network_border_group": "us-east-2",
            "network_interface": "",
            "private_dns": null,
            "private_ip": "",
            "public_dns": "ec2-3-18-191-131.us-east-2.compute.amazonaws.com",
            "public_ip": "3.18.191.131",
            "public_ipv4_pool": "amazon",
            "tags": null,
            "tags_all": {},
            "timeouts": null,
            "vpc": true
          },
          "sensitive_attributes": [],
          "private": "eyJlMmJmYjczMC1lY2FhLTExZTYtOGY4OC0zNDM2M2JjN2M0YzAiOnsiZGVsZXRlIjoxODAwMDAwMDAwMDAsInJlYWQiOjkwMDAwMDAwMDAwMCwidXBkYXRlIjozMDAwMDAwMDAwMDB9fQ==",
          "dependencies": [
            "aws_internet_gateway.my_igw"
          ]
        }
      ]
    },
    {
      "mode": "managed",
      "type": "aws_instance",
      "name": "private_instance",
      "provider": "provider[\"registry.terraform.io/hashicorp/aws\"]",
      "instances": [
        {
          "schema_version": 1,
          "attributes": {
            "ami": "ami-05fb0b8c1424f266b",
            "arn": "arn:aws:ec2:us-east-2:498692135370:instance/i-0228efe9c7c5d811c",
            "associate_public_ip_address": true,
            "availability_zone": "us-east-2a",
            "capacity_reservation_specification": [
              {
                "capacity_reservation_preference": "open",
                "capacity_reservation_target": []
              }
            ],
            "cpu_core_count": 1,
            "cpu_options": [
              {
                "amd_sev_snp": "",
                "core_count": 1,
                "threads_per_core": 1
              }
            ],
            "cpu_threads_per_core": 1,
            "credit_specification": [
              {
                "cpu_credits": "standard"
              }
            ],
            "disable_api_stop": false,
            "disable_api_termination": false,
            "ebs_block_device": [],
            "ebs_optimized": false,
            "enclave_options": [
              {
                "enabled": false
              }
            ],
            "ephemeral_block_device": [],
            "get_password_data": false,
            "hibernation": false,
            "host_id": "",
            "host_resource_group_arn": null,
            "iam_instance_profile": "",
            "id": "i-0228efe9c7c5d811c",
            "instance_initiated_shutdown_behavior": "stop",
            "instance_lifecycle": "",
            "instance_market_options": [],
            "instance_state": "running",
            "instance_type": "t2.micro",
            "ipv6_address_count": 0,
            "ipv6_addresses": [],
            "key_name": "Q-iam-key-us-east2",
            "launch_template": [],
            "maintenance_options": [
              {
                "auto_recovery": "default"
              }
            ],
            "metadata_options": [
              {
                "http_endpoint": "enabled",
                "http_protocol_ipv6": "disabled",
                "http_put_response_hop_limit": 1,
                "http_tokens": "optional",
                "instance_metadata_tags": "disabled"
              }
            ],
            "monitoring": false,
            "network_interface": [],
            "outpost_arn": "",
            "password_data": "",
            "placement_group": "",
            "placement_partition_number": 0,
            "primary_network_interface_id": "eni-0dd8c582dace78284",
            "private_dns": "ip-10-0-2-148.us-east-2.compute.internal",
            "private_dns_name_options": [
              {
                "enable_resource_name_dns_a_record": false,
                "enable_resource_name_dns_aaaa_record": false,
                "hostname_type": "ip-name"
              }
            ],
            "private_ip": "10.0.2.148",
            "public_dns": "ec2-3-17-184-90.us-east-2.compute.amazonaws.com",
            "public_ip": "3.17.184.90",
            "root_block_device": [
              {
                "delete_on_termination": true,
                "device_name": "/dev/sda1",
                "encrypted": false,
                "iops": 100,
                "kms_key_id": "",
                "tags": {},
                "throughput": 0,
                "volume_id": "vol-018682d8874dec08b",
                "volume_size": 8,
                "volume_type": "gp2"
              }
            ],
            "secondary_private_ips": [],
            "security_groups": [
              "sg-0a51ce9f4fe4912a4"
            ],
            "source_dest_check": true,
            "spot_instance_request_id": "",
            "subnet_id": "subnet-0b0e7f6721930a344",
            "tags": {
              "Name": "private-ec2-instance"
            },
            "tags_all": {
              "Name": "private-ec2-instance"
            },
            "tenancy": "default",
            "timeouts": null,
            "user_data": null,
            "user_data_base64": null,
            "user_data_replace_on_change": false,
            "volume_tags": null,
            "vpc_security_group_ids": [
              "sg-0a51ce9f4fe4912a4"
            ]
          },
          "sensitive_attributes": [],
          "private": "eyJlMmJmYjczMC1lY2FhLTExZTYtOGY4OC0zNDM2M2JjN2M0YzAiOnsiY3JlYXRlIjo2MDAwMDAwMDAwMDAsImRlbGV0ZSI6MTIwMDAwMDAwMDAwMCwidXBkYXRlIjo2MDAwMDAwMDAwMDB9LCJzY2hlbWFfdmVyc2lvbiI6IjEifQ==",
          "dependencies": [
            "aws_security_group.instance_sg",
            "aws_subnet.private-subnet",
            "aws_vpc.terraform-vpc"
          ]
        }
      ]
    },
    {
      "mode": "managed",
      "type": "aws_instance",
      "name": "terraform-server",
      "provider": "provider[\"registry.terraform.io/hashicorp/aws\"]",
      "instances": [
        {
          "index_key": "Instance-1",
          "schema_version": 1,
          "attributes": {
            "ami": "ami-05fb0b8c1424f266b",
            "arn": "arn:aws:ec2:us-east-2:498692135370:instance/i-041bb19a272e8d182",
            "associate_public_ip_address": true,
            "availability_zone": "us-east-2a",
            "capacity_reservation_specification": [
              {
                "capacity_reservation_preference": "open",
                "capacity_reservation_target": []
              }
            ],
            "cpu_core_count": 1,
            "cpu_options": [
              {
                "amd_sev_snp": "",
                "core_count": 1,
                "threads_per_core": 1
              }
            ],
            "cpu_threads_per_core": 1,
            "credit_specification": [
              {
                "cpu_credits": "standard"
              }
            ],
            "disable_api_stop": false,
            "disable_api_termination": false,
            "ebs_block_device": [],
            "ebs_optimized": false,
            "enclave_options": [
              {
                "enabled": false
              }
            ],
            "ephemeral_block_device": [],
            "get_password_data": false,
            "hibernation": false,
            "host_id": "",
            "host_resource_group_arn": null,
            "iam_instance_profile": "",
            "id": "i-041bb19a272e8d182",
            "instance_initiated_shutdown_behavior": "stop",
            "instance_lifecycle": "",
            "instance_market_options": [],
            "instance_state": "running",
            "instance_type": "t2.micro",
            "ipv6_address_count": 0,
            "ipv6_addresses": [],
            "key_name": "Q-iam-key-us-east2",
            "launch_template": [],
            "maintenance_options": [
              {
                "auto_recovery": "default"
              }
            ],
            "metadata_options": [
              {
                "http_endpoint": "enabled",
                "http_protocol_ipv6": "disabled",
                "http_put_response_hop_limit": 1,
                "http_tokens": "optional",
                "instance_metadata_tags": "disabled"
              }
            ],
            "monitoring": false,
            "network_interface": [],
            "outpost_arn": "",
            "password_data": "",
            "placement_group": "",
            "placement_partition_number": 0,
            "primary_network_interface_id": "eni-0c0b5b15dd6c0435e",
            "private_dns": "ip-10-0-1-213.us-east-2.compute.internal",
            "private_dns_name_options": [
              {
                "enable_resource_name_dns_a_record": false,
                "enable_resource_name_dns_aaaa_record": false,
                "hostname_type": "ip-name"
              }
            ],
            "private_ip": "10.0.1.213",
            "public_dns": "ec2-3-145-15-23.us-east-2.compute.amazonaws.com",
            "public_ip": "3.145.15.23",
            "root_block_device": [
              {
                "delete_on_termination": true,
                "device_name": "/dev/sda1",
                "encrypted": false,
                "iops": 100,
                "kms_key_id": "",
                "tags": {},
                "throughput": 0,
                "volume_id": "vol-037a55e045ffdbffe",
                "volume_size": 8,
                "volume_type": "gp2"
              }
            ],
            "secondary_private_ips": [],
            "security_groups": [
              "sg-0a51ce9f4fe4912a4"
            ],
            "source_dest_check": true,
            "spot_instance_request_id": "",
            "subnet_id": "subnet-0aff3e89257e44400",
            "tags": {
              "Name": "Instance-1"
            },
            "tags_all": {
              "Name": "Instance-1"
            },
            "tenancy": "default",
            "timeouts": null,
            "user_data": "939f5a83e6ac7db3856885408da94a2bfb82fe21",
            "user_data_base64": null,
            "user_data_replace_on_change": false,
            "volume_tags": null,
            "vpc_security_group_ids": [
              "sg-0a51ce9f4fe4912a4"
            ]
          },
          "sensitive_attributes": [],
          "private": "eyJlMmJmYjczMC1lY2FhLTExZTYtOGY4OC0zNDM2M2JjN2M0YzAiOnsiY3JlYXRlIjo2MDAwMDAwMDAwMDAsImRlbGV0ZSI6MTIwMDAwMDAwMDAwMCwidXBkYXRlIjo2MDAwMDAwMDAwMDB9LCJzY2hlbWFfdmVyc2lvbiI6IjEifQ==",
          "dependencies": [
            "aws_security_group.instance_sg",
            "aws_subnet.public-subnet",
            "aws_vpc.terraform-vpc"
          ]
        },
        {
          "index_key": "Instance-2",
          "schema_version": 1,
          "attributes": {
            "ami": "ami-05fb0b8c1424f266b",
            "arn": "arn:aws:ec2:us-east-2:498692135370:instance/i-09a23c9b9fa8ca2d8",
            "associate_public_ip_address": true,
            "availability_zone": "us-east-2a",
            "capacity_reservation_specification": [
              {
                "capacity_reservation_preference": "open",
                "capacity_reservation_target": []
              }
            ],
            "cpu_core_count": 1,
            "cpu_options": [
              {
                "amd_sev_snp": "",
                "core_count": 1,
                "threads_per_core": 1
              }
            ],
            "cpu_threads_per_core": 1,
            "credit_specification": [
              {
                "cpu_credits": "standard"
              }
            ],
            "disable_api_stop": false,
            "disable_api_termination": false,
            "ebs_block_device": [],
            "ebs_optimized": false,
            "enclave_options": [
              {
                "enabled": false
              }
            ],
            "ephemeral_block_device": [],
            "get_password_data": false,
            "hibernation": false,
            "host_id": "",
            "host_resource_group_arn": null,
            "iam_instance_profile": "",
            "id": "i-09a23c9b9fa8ca2d8",
            "instance_initiated_shutdown_behavior": "stop",
            "instance_lifecycle": "",
            "instance_market_options": [],
            "instance_state": "running",
            "instance_type": "t2.micro",
            "ipv6_address_count": 0,
            "ipv6_addresses": [],
            "key_name": "Q-iam-key-us-east2",
            "launch_template": [],
            "maintenance_options": [
              {
                "auto_recovery": "default"
              }
            ],
            "metadata_options": [
              {
                "http_endpoint": "enabled",
                "http_protocol_ipv6": "disabled",
                "http_put_response_hop_limit": 1,
                "http_tokens": "optional",
                "instance_metadata_tags": "disabled"
              }
            ],
            "monitoring": false,
            "network_interface": [],
            "outpost_arn": "",
            "password_data": "",
            "placement_group": "",
            "placement_partition_number": 0,
            "primary_network_interface_id": "eni-0f00809cad83a6a07",
            "private_dns": "ip-10-0-1-20.us-east-2.compute.internal",
            "private_dns_name_options": [
              {
                "enable_resource_name_dns_a_record": false,
                "enable_resource_name_dns_aaaa_record": false,
                "hostname_type": "ip-name"
              }
            ],
            "private_ip": "10.0.1.20",
            "public_dns": "ec2-3-133-133-81.us-east-2.compute.amazonaws.com",
            "public_ip": "3.133.133.81",
            "root_block_device": [
              {
                "delete_on_termination": true,
                "device_name": "/dev/sda1",
                "encrypted": false,
                "iops": 100,
                "kms_key_id": "",
                "tags": {},
                "throughput": 0,
                "volume_id": "vol-0942f82a821aa6718",
                "volume_size": 8,
                "volume_type": "gp2"
              }
            ],
            "secondary_private_ips": [],
            "security_groups": [
              "sg-0a51ce9f4fe4912a4"
            ],
            "source_dest_check": true,
            "spot_instance_request_id": "",
            "subnet_id": "subnet-0aff3e89257e44400",
            "tags": {
              "Name": "Instance-2"
            },
            "tags_all": {
              "Name": "Instance-2"
            },
            "tenancy": "default",
            "timeouts": null,
            "user_data": "939f5a83e6ac7db3856885408da94a2bfb82fe21",
            "user_data_base64": null,
            "user_data_replace_on_change": false,
            "volume_tags": null,
            "vpc_security_group_ids": [
              "sg-0a51ce9f4fe4912a4"
            ]
          },
          "sensitive_attributes": [],
          "private": "eyJlMmJmYjczMC1lY2FhLTExZTYtOGY4OC0zNDM2M2JjN2M0YzAiOnsiY3JlYXRlIjo2MDAwMDAwMDAwMDAsImRlbGV0ZSI6MTIwMDAwMDAwMDAwMCwidXBkYXRlIjo2MDAwMDAwMDAwMDB9LCJzY2hlbWFfdmVyc2lvbiI6IjEifQ==",
          "dependencies": [
            "aws_security_group.instance_sg",
            "aws_subnet.public-subnet",
            "aws_vpc.terraform-vpc"
          ]
        }
      ]
    },
    {
      "mode": "managed",
      "type": "aws_internet_gateway",
      "name": "my_igw",
      "provider": "provider[\"registry.terraform.io/hashicorp/aws\"]",
      "instances": [
        {
          "schema_version": 0,
          "attributes": {
            "arn": "arn:aws:ec2:us-east-2:498692135370:internet-gateway/igw-09153255bf924c8ac",
            "id": "igw-09153255bf924c8ac",
            "owner_id": "498692135370",
            "tags": {
              "Name": "my-igw"
            },
            "tags_all": {
              "Name": "my-igw"
            },
            "timeouts": null,
            "vpc_id": ""
          },
          "sensitive_attributes": [],
          "private": "eyJlMmJmYjczMC1lY2FhLTExZTYtOGY4OC0zNDM2M2JjN2M0YzAiOnsiY3JlYXRlIjoxMjAwMDAwMDAwMDAwLCJkZWxldGUiOjEyMDAwMDAwMDAwMDAsInVwZGF0ZSI6MTIwMDAwMDAwMDAwMH19"
        }
      ]
    },
    {
      "mode": "managed",
      "type": "aws_internet_gateway_attachment",
      "name": "igt-Attach",
      "provider": "provider[\"registry.terraform.io/hashicorp/aws\"]",
      "instances": [
        {
          "schema_version": 0,
          "attributes": {
            "id": "igw-09153255bf924c8ac:vpc-0e17faa8fa7ef6d00",
            "internet_gateway_id": "igw-09153255bf924c8ac",
            "timeouts": null,
            "vpc_id": "vpc-0e17faa8fa7ef6d00"
          },
          "sensitive_attributes": [],
          "private": "eyJlMmJmYjczMC1lY2FhLTExZTYtOGY4OC0zNDM2M2JjN2M0YzAiOnsiY3JlYXRlIjoxMjAwMDAwMDAwMDAwLCJkZWxldGUiOjEyMDAwMDAwMDAwMDB9fQ==",
          "dependencies": [
            "aws_internet_gateway.my_igw",
            "aws_vpc.terraform-vpc"
          ]
        }
      ]
    },
    {
      "mode": "managed",
      "type": "aws_nat_gateway",
      "name": "NAT-gateway",
      "provider": "provider[\"registry.terraform.io/hashicorp/aws\"]",
      "instances": [
        {
          "schema_version": 0,
          "attributes": {
            "allocation_id": "eipalloc-09f4cfd62b1114104",
            "association_id": "eipassoc-0ee21f6822af7f765",
            "connectivity_type": "public",
            "id": "nat-094fcc602671ebaf0",
            "network_interface_id": "eni-0e52081f7433d7d3d",
            "private_ip": "10.0.1.34",
            "public_ip": "3.18.191.131",
            "secondary_allocation_ids": null,
            "secondary_private_ip_address_count": 0,
            "secondary_private_ip_addresses": [],
            "subnet_id": "subnet-0aff3e89257e44400",
            "tags": {
              "Name": "Terraform NAT"
            },
            "tags_all": {
              "Name": "Terraform NAT"
            },
            "timeouts": null
          },
          "sensitive_attributes": [],
          "private": "eyJlMmJmYjczMC1lY2FhLTExZTYtOGY4OC0zNDM2M2JjN2M0YzAiOnsiY3JlYXRlIjo2MDAwMDAwMDAwMDAsImRlbGV0ZSI6MTgwMDAwMDAwMDAwMCwidXBkYXRlIjo2MDAwMDAwMDAwMDB9fQ==",
          "dependencies": [
            "aws_eip.elastic-ip",
            "aws_internet_gateway.my_igw",
            "aws_subnet.public-subnet",
            "aws_vpc.terraform-vpc"
          ]
        }
      ]
    },
    {
      "mode": "managed",
      "type": "aws_route",
      "name": "private-route",
      "provider": "provider[\"registry.terraform.io/hashicorp/aws\"]",
      "instances": [
        {
          "schema_version": 0,
          "attributes": {
            "carrier_gateway_id": "",
            "core_network_arn": "",
            "destination_cidr_block": "0.0.0.0/0",
            "destination_ipv6_cidr_block": "",
            "destination_prefix_list_id": "",
            "egress_only_gateway_id": "",
            "gateway_id": "",
            "id": "r-rtb-0eb6fa4c6889a3d2d1080289494",
            "instance_id": "",
            "instance_owner_id": "",
            "local_gateway_id": "",
            "nat_gateway_id": "nat-094fcc602671ebaf0",
            "network_interface_id": "",
            "origin": "CreateRoute",
            "route_table_id": "rtb-0eb6fa4c6889a3d2d",
            "state": "active",
            "timeouts": null,
            "transit_gateway_id": "",
            "vpc_endpoint_id": "",
            "vpc_peering_connection_id": ""
          },
          "sensitive_attributes": [],
          "private": "eyJlMmJmYjczMC1lY2FhLTExZTYtOGY4OC0zNDM2M2JjN2M0YzAiOnsiY3JlYXRlIjozMDAwMDAwMDAwMDAsImRlbGV0ZSI6MzAwMDAwMDAwMDAwLCJ1cGRhdGUiOjEyMDAwMDAwMDAwMH19",
          "dependencies": [
            "aws_eip.elastic-ip",
            "aws_internet_gateway.my_igw",
            "aws_nat_gateway.NAT-gateway",
            "aws_route_table.pri",
            "aws_subnet.public-subnet",
            "aws_vpc.terraform-vpc"
          ]
        }
      ]
    },
    {
      "mode": "managed",
      "type": "aws_route",
      "name": "public-route",
      "provider": "provider[\"registry.terraform.io/hashicorp/aws\"]",
      "instances": [
        {
          "schema_version": 0,
          "attributes": {
            "carrier_gateway_id": "",
            "core_network_arn": "",
            "destination_cidr_block": "0.0.0.0/0",
            "destination_ipv6_cidr_block": "",
            "destination_prefix_list_id": "",
            "egress_only_gateway_id": "",
            "gateway_id": "igw-09153255bf924c8ac",
            "id": "r-rtb-0351284c759b74c481080289494",
            "instance_id": "",
            "instance_owner_id": "",
            "local_gateway_id": "",
            "nat_gateway_id": "",
            "network_interface_id": "",
            "origin": "CreateRoute",
            "route_table_id": "rtb-0351284c759b74c48",
            "state": "active",
            "timeouts": null,
            "transit_gateway_id": "",
            "vpc_endpoint_id": "",
            "vpc_peering_connection_id": ""
          },
          "sensitive_attributes": [],
          "private": "eyJlMmJmYjczMC1lY2FhLTExZTYtOGY4OC0zNDM2M2JjN2M0YzAiOnsiY3JlYXRlIjozMDAwMDAwMDAwMDAsImRlbGV0ZSI6MzAwMDAwMDAwMDAwLCJ1cGRhdGUiOjEyMDAwMDAwMDAwMH19",
          "dependencies": [
            "aws_internet_gateway.my_igw",
            "aws_route_table.my_route_table",
            "aws_vpc.terraform-vpc"
          ]
        }
      ]
    },
    {
      "mode": "managed",
      "type": "aws_route_table",
      "name": "my_route_table",
      "provider": "provider[\"registry.terraform.io/hashicorp/aws\"]",
      "instances": [
        {
          "schema_version": 0,
          "attributes": {
            "arn": "arn:aws:ec2:us-east-2:498692135370:route-table/rtb-0351284c759b74c48",
            "id": "rtb-0351284c759b74c48",
            "owner_id": "498692135370",
            "propagating_vgws": [],
            "route": [],
            "tags": {
              "Name": "my-route-table"
            },
            "tags_all": {
              "Name": "my-route-table"
            },
            "timeouts": null,
            "vpc_id": "vpc-0e17faa8fa7ef6d00"
          },
          "sensitive_attributes": [],
          "private": "eyJlMmJmYjczMC1lY2FhLTExZTYtOGY4OC0zNDM2M2JjN2M0YzAiOnsiY3JlYXRlIjozMDAwMDAwMDAwMDAsImRlbGV0ZSI6MzAwMDAwMDAwMDAwLCJ1cGRhdGUiOjEyMDAwMDAwMDAwMH19",
          "dependencies": [
            "aws_vpc.terraform-vpc"
          ]
        }
      ]
    },
    {
      "mode": "managed",
      "type": "aws_route_table",
      "name": "pri",
      "provider": "provider[\"registry.terraform.io/hashicorp/aws\"]",
      "instances": [
        {
          "schema_version": 0,
          "attributes": {
            "arn": "arn:aws:ec2:us-east-2:498692135370:route-table/rtb-0eb6fa4c6889a3d2d",
            "id": "rtb-0eb6fa4c6889a3d2d",
            "owner_id": "498692135370",
            "propagating_vgws": [],
            "route": [],
            "tags": {
              "Name": "my-pri-table"
            },
            "tags_all": {
              "Name": "my-pri-table"
            },
            "timeouts": null,
            "vpc_id": "vpc-0e17faa8fa7ef6d00"
          },
          "sensitive_attributes": [],
          "private": "eyJlMmJmYjczMC1lY2FhLTExZTYtOGY4OC0zNDM2M2JjN2M0YzAiOnsiY3JlYXRlIjozMDAwMDAwMDAwMDAsImRlbGV0ZSI6MzAwMDAwMDAwMDAwLCJ1cGRhdGUiOjEyMDAwMDAwMDAwMH19",
          "dependencies": [
            "aws_vpc.terraform-vpc"
          ]
        }
      ]
    },
    {
      "mode": "managed",
      "type": "aws_route_table_association",
      "name": "private-subnet-association",
      "provider": "provider[\"registry.terraform.io/hashicorp/aws\"]",
      "instances": [
        {
          "schema_version": 0,
          "attributes": {
            "gateway_id": "",
            "id": "rtbassoc-08a09d0209243dff9",
            "route_table_id": "rtb-0eb6fa4c6889a3d2d",
            "subnet_id": "subnet-0b0e7f6721930a344",
            "timeouts": null
          },
          "sensitive_attributes": [],
          "private": "eyJlMmJmYjczMC1lY2FhLTExZTYtOGY4OC0zNDM2M2JjN2M0YzAiOnsiY3JlYXRlIjozMDAwMDAwMDAwMDAsImRlbGV0ZSI6MzAwMDAwMDAwMDAwLCJ1cGRhdGUiOjEyMDAwMDAwMDAwMH19",
          "dependencies": [
            "aws_route_table.pri",
            "aws_subnet.private-subnet",
            "aws_vpc.terraform-vpc"
          ]
        }
      ]
    },
    {
      "mode": "managed",
      "type": "aws_route_table_association",
      "name": "public-subnet-association",
      "provider": "provider[\"registry.terraform.io/hashicorp/aws\"]",
      "instances": [
        {
          "schema_version": 0,
          "attributes": {
            "gateway_id": "",
            "id": "rtbassoc-00cac9919b0c04ee3",
            "route_table_id": "rtb-0351284c759b74c48",
            "subnet_id": "subnet-0aff3e89257e44400",
            "timeouts": null
          },
          "sensitive_attributes": [],
          "private": "eyJlMmJmYjczMC1lY2FhLTExZTYtOGY4OC0zNDM2M2JjN2M0YzAiOnsiY3JlYXRlIjozMDAwMDAwMDAwMDAsImRlbGV0ZSI6MzAwMDAwMDAwMDAwLCJ1cGRhdGUiOjEyMDAwMDAwMDAwMH19",
          "dependencies": [
            "aws_route_table.my_route_table",
            "aws_subnet.public-subnet",
            "aws_vpc.terraform-vpc"
          ]
        }
      ]
    },
    {
      "mode": "managed",
      "type": "aws_security_group",
      "name": "instance_sg",
      "provider": "provider[\"registry.terraform.io/hashicorp/aws\"]",
      "instances": [
        {
          "schema_version": 1,
          "attributes": {
            "arn": "arn:aws:ec2:us-east-2:498692135370:security-group/sg-0a51ce9f4fe4912a4",
            "description": "Security group for EC2 instance",
            "egress": [
              {
                "cidr_blocks": [
                  "0.0.0.0/0"
                ],
                "description": "",
                "from_port": 0,
                "ipv6_cidr_blocks": [],
                "prefix_list_ids": [],
                "protocol": "-1",
                "security_groups": [],
                "self": false,
                "to_port": 0
              }
            ],
            "id": "sg-0a51ce9f4fe4912a4",
            "ingress": [
              {
                "cidr_blocks": [
                  "0.0.0.0/0"
                ],
                "description": "",
                "from_port": 22,
                "ipv6_cidr_blocks": [],
                "prefix_list_ids": [],
                "protocol": "tcp",
                "security_groups": [],
                "self": false,
                "to_port": 22
              },
              {
                "cidr_blocks": [
                  "0.0.0.0/0"
                ],
                "description": "",
                "from_port": 443,
                "ipv6_cidr_blocks": [],
                "prefix_list_ids": [],
                "protocol": "tcp",
                "security_groups": [],
                "self": false,
                "to_port": 443
              },
              {
                "cidr_blocks": [
                  "0.0.0.0/0"
                ],
                "description": "",
                "from_port": 80,
                "ipv6_cidr_blocks": [],
                "prefix_list_ids": [],
                "protocol": "tcp",
                "security_groups": [],
                "self": false,
                "to_port": 80
              }
            ],
            "name": "instance-sg",
            "name_prefix": "",
            "owner_id": "498692135370",
            "revoke_rules_on_delete": false,
            "tags": null,
            "tags_all": {},
            "timeouts": null,
            "vpc_id": "vpc-0e17faa8fa7ef6d00"
          },
          "sensitive_attributes": [],
          "private": "eyJlMmJmYjczMC1lY2FhLTExZTYtOGY4OC0zNDM2M2JjN2M0YzAiOnsiY3JlYXRlIjo2MDAwMDAwMDAwMDAsImRlbGV0ZSI6OTAwMDAwMDAwMDAwfSwic2NoZW1hX3ZlcnNpb24iOiIxIn0=",
          "dependencies": [
            "aws_vpc.terraform-vpc"
          ]
        }
      ]
    },
    {
      "mode": "managed",
      "type": "aws_subnet",
      "name": "private-subnet",
      "provider": "provider[\"registry.terraform.io/hashicorp/aws\"]",
      "instances": [
        {
          "schema_version": 1,
          "attributes": {
            "arn": "arn:aws:ec2:us-east-2:498692135370:subnet/subnet-0b0e7f6721930a344",
            "assign_ipv6_address_on_creation": false,
            "availability_zone": "us-east-2a",
            "availability_zone_id": "use2-az1",
            "cidr_block": "10.0.2.0/24",
            "customer_owned_ipv4_pool": "",
            "enable_dns64": false,
            "enable_lni_at_device_index": 0,
            "enable_resource_name_dns_a_record_on_launch": false,
            "enable_resource_name_dns_aaaa_record_on_launch": false,
            "id": "subnet-0b0e7f6721930a344",
            "ipv6_cidr_block": "",
            "ipv6_cidr_block_association_id": "",
            "ipv6_native": false,
            "map_customer_owned_ip_on_launch": false,
            "map_public_ip_on_launch": true,
            "outpost_arn": "",
            "owner_id": "498692135370",
            "private_dns_hostname_type_on_launch": "ip-name",
            "tags": {
              "Name": "private-subnet"
            },
            "tags_all": {
              "Name": "private-subnet"
            },
            "timeouts": null,
            "vpc_id": "vpc-0e17faa8fa7ef6d00"
          },
          "sensitive_attributes": [],
          "private": "eyJlMmJmYjczMC1lY2FhLTExZTYtOGY4OC0zNDM2M2JjN2M0YzAiOnsiY3JlYXRlIjo2MDAwMDAwMDAwMDAsImRlbGV0ZSI6MTIwMDAwMDAwMDAwMH0sInNjaGVtYV92ZXJzaW9uIjoiMSJ9",
          "dependencies": [
            "aws_vpc.terraform-vpc"
          ]
        }
      ]
    },
    {
      "mode": "managed",
      "type": "aws_subnet",
      "name": "public-subnet",
      "provider": "provider[\"registry.terraform.io/hashicorp/aws\"]",
      "instances": [
        {
          "schema_version": 1,
          "attributes": {
            "arn": "arn:aws:ec2:us-east-2:498692135370:subnet/subnet-0aff3e89257e44400",
            "assign_ipv6_address_on_creation": false,
            "availability_zone": "us-east-2a",
            "availability_zone_id": "use2-az1",
            "cidr_block": "10.0.1.0/24",
            "customer_owned_ipv4_pool": "",
            "enable_dns64": false,
            "enable_lni_at_device_index": 0,
            "enable_resource_name_dns_a_record_on_launch": false,
            "enable_resource_name_dns_aaaa_record_on_launch": false,
            "id": "subnet-0aff3e89257e44400",
            "ipv6_cidr_block": "",
            "ipv6_cidr_block_association_id": "",
            "ipv6_native": false,
            "map_customer_owned_ip_on_launch": false,
            "map_public_ip_on_launch": true,
            "outpost_arn": "",
            "owner_id": "498692135370",
            "private_dns_hostname_type_on_launch": "ip-name",
            "tags": {
              "Name": "public-subnet"
            },
            "tags_all": {
              "Name": "public-subnet"
            },
            "timeouts": null,
            "vpc_id": "vpc-0e17faa8fa7ef6d00"
          },
          "sensitive_attributes": [],
          "private": "eyJlMmJmYjczMC1lY2FhLTExZTYtOGY4OC0zNDM2M2JjN2M0YzAiOnsiY3JlYXRlIjo2MDAwMDAwMDAwMDAsImRlbGV0ZSI6MTIwMDAwMDAwMDAwMH0sInNjaGVtYV92ZXJzaW9uIjoiMSJ9",
          "dependencies": [
            "aws_vpc.terraform-vpc"
          ]
        }
      ]
    },
    {
      "mode": "managed",
      "type": "aws_vpc",
      "name": "terraform-vpc",
      "provider": "provider[\"registry.terraform.io/hashicorp/aws\"]",
      "instances": [
        {
          "schema_version": 1,
          "attributes": {
            "arn": "arn:aws:ec2:us-east-2:498692135370:vpc/vpc-0e17faa8fa7ef6d00",
            "assign_generated_ipv6_cidr_block": false,
            "cidr_block": "10.0.0.0/16",
            "default_network_acl_id": "acl-0a288f0adfb055b36",
            "default_route_table_id": "rtb-02c668778e21fb047",
            "default_security_group_id": "sg-02576227e89ea3202",
            "dhcp_options_id": "dopt-01e9e4b5c9482d1d7",
            "enable_dns_hostnames": true,
            "enable_dns_support": true,
            "enable_network_address_usage_metrics": false,
            "id": "vpc-0e17faa8fa7ef6d00",
            "instance_tenancy": "default",
            "ipv4_ipam_pool_id": null,
            "ipv4_netmask_length": null,
            "ipv6_association_id": "",
            "ipv6_cidr_block": "",
            "ipv6_cidr_block_network_border_group": "",
            "ipv6_ipam_pool_id": "",
            "ipv6_netmask_length": 0,
            "main_route_table_id": "rtb-02c668778e21fb047",
            "owner_id": "498692135370",
            "tags": {
              "Name": "terraform-vpc"
            },
            "tags_all": {
              "Name": "terraform-vpc"
            }
          },
          "sensitive_attributes": [],
          "private": "eyJzY2hlbWFfdmVyc2lvbiI6IjEifQ=="
        }
      ]
    }
  ],
  "check_results": null
}
